
Microsoft Visual Studio Solution File, Format Version 12.00
# Visual Studio Version 16
VisualStudioVersion = 16.0.28729.10
MinimumVisualStudioVersion = 10.0.40219.1
Project("{2150E333-8FDC-42A3-9474-1A3956D46DE8}") = "QueryObjectPattern", "QueryObjectPattern", "{3C0FDFAC-3E2A-458D-845D-2FB4EA91754D}"
EndProject
Project("{9A19103F-16F7-4668-BE54-9A1E7A4F7556}") = "Domain", "QueryObjectPattern\Domain\Domain.csproj", "{8CF9C370-A83A-4E0C-B0E5-E9958E292084}"
EndProject
Project("{9A19103F-16F7-4668-BE54-9A1E7A4F7556}") = "Tests", "QueryObjectPattern\Tests\Tests.csproj", "{0BCD38C8-3D21-4BD4-A0F4-B389D1A101ED}"
EndProject
Project("{9A19103F-16F7-4668-BE54-9A1E7A4F7556}") = "DataAccess", "QueryObjectPattern\DataAccess\DataAccess.csproj", "{1085A6F8-A433-4060-B757-45B40CEB4797}"
EndProject
Project("{FAE04EC0-301F-11D3-BF4B-00C04F79EFBC}") = "CarWebApi", "QueryObjectPattern\CarWebApi\CarWebApi.csproj", "{527A083D-9D41-41FC-B440-97D44D26FA25}"
EndProject
Global
	GlobalSection(SolutionConfigurationPlatforms) = preSolution
		Debug|Any CPU = Debug|Any CPU
		Release|Any CPU = Release|Any CPU
	EndGlobalSection
	GlobalSection(ProjectConfigurationPlatforms) = postSolution
		{8CF9C370-A83A-4E0C-B0E5-E9958E292084}.Debug|Any CPU.ActiveCfg = Debug|Any CPU
		{8CF9C370-A83A-4E0C-B0E5-E9958E292084}.Debug|Any CPU.Build.0 = Debug|Any CPU
		{8CF9C370-A83A-4E0C-B0E5-E9958E292084}.Release|Any CPU.ActiveCfg = Release|Any CPU
		{8CF9C370-A83A-4E0C-B0E5-E9958E292084}.Release|Any CPU.Build.0 = Release|Any CPU
		{0BCD38C8-3D21-4BD4-A0F4-B389D1A101ED}.Debug|Any CPU.ActiveCfg = Debug|Any CPU
		{0BCD38C8-3D21-4BD4-A0F4-B389D1A101ED}.Debug|Any CPU.Build.0 = Debug|Any CPU
		{0BCD38C8-3D21-4BD4-A0F4-B389D1A101ED}.Release|Any CPU.ActiveCfg = Release|Any CPU
		{0BCD38C8-3D21-4BD4-A0F4-B389D1A101ED}.Release|Any CPU.Build.0 = Release|Any CPU
		{1085A6F8-A433-4060-B757-45B40CEB4797}.Debug|Any CPU.ActiveCfg = Debug|Any CPU
		{1085A6F8-A433-4060-B757-45B40CEB4797}.Debug|Any CPU.Build.0 = Debug|Any CPU
		{1085A6F8-A433-4060-B757-45B40CEB4797}.Release|Any CPU.ActiveCfg = Release|Any CPU
		{1085A6F8-A433-4060-B757-45B40CEB4797}.Release|Any CPU.Build.0 = Release|Any CPU
		{527A083D-9D41-41FC-B440-97D44D26FA25}.Debug|Any CPU.ActiveCfg = Debug|Any CPU
		{527A083D-9D41-41FC-B440-97D44D26FA25}.Debug|Any CPU.Build.0 = Debug|Any CPU
		{527A083D-9D41-41FC-B440-97D44D26FA25}.Release|Any CPU.ActiveCfg = Release|Any CPU
		{527A083D-9D41-41FC-B440-97D44D26FA25}.Release|Any CPU.Build.0 = Release|Any CPU
	EndGlobalSection
	GlobalSection(SolutionProperties) = preSolution
		HideSolutionNode = FALSE
	EndGlobalSection
	GlobalSection(NestedProjects) = preSolution
		{8CF9C370-A83A-4E0C-B0E5-E9958E292084} = {3C0FDFAC-3E2A-458D-845D-2FB4EA91754D}
		{0BCD38C8-3D21-4BD4-A0F4-B389D1A101ED} = {3C0FDFAC-3E2A-458D-845D-2FB4EA91754D}
		{1085A6F8-A433-4060-B757-45B40CEB4797} = {3C0FDFAC-3E2A-458D-845D-2FB4EA91754D}
		{527A083D-9D41-41FC-B440-97D44D26FA25} = {3C0FDFAC-3E2A-458D-845D-2FB4EA91754D}
	EndGlobalSection
	GlobalSection(ExtensibilityGlobals) = postSolution
		SolutionGuid = {DA72AD05-3420-43A1-895C-6259DB9DFC58}
	EndGlobalSection
EndGlobal
